<?xml version="1.0" encoding="utf-8"?>
<Project ToolsVersion="4.0" xmlns="http://schemas.microsoft.com/developer/msbuild/2003">
  <ItemGroup>
    <Filter Include="Resource Files">
      <UniqueIdentifier>{67DA6AB6-F800-4c08-8B7A-83BB121AAD01}</UniqueIdentifier>
      <Extensions>rc;ico;cur;bmp;dlg;rc2;rct;bin;rgs;gif;jpg;jpeg;jpe;resx;tiff;tif;png;wav;mfcribbon-ms</Extensions>
    </Filter>
    <Filter Include="Common">
      <UniqueIdentifier>{226f6820-b8cf-4a86-82b9-071b3d457991}</UniqueIdentifier>
    </Filter>
    <Filter Include="Common\Classes">
      <UniqueIdentifier>{0f142793-52b2-4cfa-bb40-e1d500fc4de3}</UniqueIdentifier>
    </Filter>
    <Filter Include="Common\Private">
      <UniqueIdentifier>{bb3305e4-8b7e-40b2-98c0-a4b52a0fda6b}</UniqueIdentifier>
    </Filter>
    <Filter Include="Common\Public">
      <UniqueIdentifier>{5bb33ea5-5349-43c4-a0d5-71cbd08320b0}</UniqueIdentifier>
    </Filter>
    <Filter Include="Core">
      <UniqueIdentifier>{8ec0a84d-29a9-48ad-ab6e-a522981fde14}</UniqueIdentifier>
    </Filter>
    <Filter Include="Core\Classes">
      <UniqueIdentifier>{b1be9946-af48-4a04-a554-c32ed0118ccb}</UniqueIdentifier>
    </Filter>
    <Filter Include="Core\Private">
      <UniqueIdentifier>{683a35f7-c7b1-41d8-8722-d18c2c247c86}</UniqueIdentifier>
    </Filter>
    <Filter Include="Core\Public">
      <UniqueIdentifier>{d05f40b4-0914-48b7-8187-9300ce926a65}</UniqueIdentifier>
    </Filter>
    <Filter Include="Fox">
      <UniqueIdentifier>{f473abf8-b2de-49ab-9905-a41984bc8ea8}</UniqueIdentifier>
    </Filter>
    <Filter Include="Graphics">
      <UniqueIdentifier>{b2f192d5-898c-478b-977e-56b9f526fa41}</UniqueIdentifier>
    </Filter>
    <Filter Include="Graphics\Private">
      <UniqueIdentifier>{f3fa2f2a-f6d3-441b-8779-1ec3224fb4cf}</UniqueIdentifier>
    </Filter>
    <Filter Include="Graphics\Public">
      <UniqueIdentifier>{243b6f18-7ff1-4d7f-bfc2-5298f365cf34}</UniqueIdentifier>
    </Filter>
    <Filter Include="Graphics\Classes">
      <UniqueIdentifier>{2481a146-1758-4977-ba90-8f513b2dbf95}</UniqueIdentifier>
    </Filter>
    <Filter Include="Platform">
      <UniqueIdentifier>{501de9d6-62ed-42a8-87a5-faf268146268}</UniqueIdentifier>
    </Filter>
    <Filter Include="Platform\Win32">
      <UniqueIdentifier>{f231aa6f-fd1f-4f5e-aa9f-98d300075d47}</UniqueIdentifier>
    </Filter>
    <Filter Include="Platform\Win32\Classes">
      <UniqueIdentifier>{ee97bbb2-c84c-4509-9785-5f630d360c13}</UniqueIdentifier>
    </Filter>
    <Filter Include="Platform\Win32\Private">
      <UniqueIdentifier>{98f7c83b-d34a-4219-be6d-c66bc3ec1a8f}</UniqueIdentifier>
    </Filter>
    <Filter Include="Platform\Win32\Public">
      <UniqueIdentifier>{a46c136c-b44e-46dc-9d89-8d0eb3766033}</UniqueIdentifier>
    </Filter>
    <Filter Include="Engine">
      <UniqueIdentifier>{651fb4ec-46e2-4ec2-b3b1-97b8aaafcf0d}</UniqueIdentifier>
    </Filter>
    <Filter Include="Engine\Classes">
      <UniqueIdentifier>{0c388270-cb1f-4d51-9c99-78e675bca2d4}</UniqueIdentifier>
    </Filter>
    <Filter Include="Engine\Public">
      <UniqueIdentifier>{ef405936-bf52-44d5-a027-69116d942b00}</UniqueIdentifier>
    </Filter>
    <Filter Include="Engine\Private">
      <UniqueIdentifier>{88acdd38-9b4c-4c84-bd08-149f40396762}</UniqueIdentifier>
    </Filter>
    <Filter Include="Graphics\DirectX">
      <UniqueIdentifier>{7649c791-8857-40c1-a0e3-53b344f1de6c}</UniqueIdentifier>
    </Filter>
    <Filter Include="Graphics\DirectX\Classes">
      <UniqueIdentifier>{1b38e3e5-3aeb-411c-8116-fdce61beff5e}</UniqueIdentifier>
    </Filter>
    <Filter Include="Graphics\DirectX\Public">
      <UniqueIdentifier>{80a90b4b-3ede-4fb1-abc6-463d76d016bd}</UniqueIdentifier>
    </Filter>
    <Filter Include="Graphics\DirectX\Private">
      <UniqueIdentifier>{ca9d1c14-c029-49f4-93e4-4db3c1dd201c}</UniqueIdentifier>
    </Filter>
    <Filter Include="Platform\Classes">
      <UniqueIdentifier>{d048e4f8-d6ec-479f-80bd-ac1c7a5c3beb}</UniqueIdentifier>
    </Filter>
    <Filter Include="Platform\Public">
      <UniqueIdentifier>{c6e45a28-ed6a-45c5-8ec1-ba11eb26d269}</UniqueIdentifier>
    </Filter>
    <Filter Include="Platform\Private">
      <UniqueIdentifier>{1120cb2c-4eaf-46e2-a98e-50d0cc7b9fc6}</UniqueIdentifier>
    </Filter>
  </ItemGroup>
  <ItemGroup>
    <ClInclude Include="Common\Logger.h">
      <Filter>Common\Public</Filter>
    </ClInclude>
    <ClInclude Include="Common\Time.h">
      <Filter>Common\Public</Filter>
    </ClInclude>
    <ClInclude Include="Core\CallableWrapper.h">
      <Filter>Core\Classes</Filter>
    </ClInclude>
    <ClInclude Include="Core\Delegate.h">
      <Filter>Core\Classes</Filter>
    </ClInclude>
    <ClInclude Include="Core\GameSettings.h">
      <Filter>Core\Classes</Filter>
    </ClInclude>
    <ClInclude Include="Core\JSONFile.h">
      <Filter>Core\Classes</Filter>
    </ClInclude>
    <ClInclude Include="Core\JSONObject.h">
      <Filter>Core\Classes</Filter>
    </ClInclude>
    <ClInclude Include="Core\JSONValue.h">
      <Filter>Core\Classes</Filter>
    </ClInclude>
    <ClInclude Include="Core\JSONValueArray.h">
      <Filter>Core\Classes</Filter>
    </ClInclude>
    <ClInclude Include="Core\ResourceSystem.h">
      <Filter>Core\Classes</Filter>
    </ClInclude>
    <ClInclude Include="Core\Signal.h">
      <Filter>Core\Classes</Filter>
    </ClInclude>
    <ClInclude Include="Core\SignalBind.h">
      <Filter>Core\Classes</Filter>
    </ClInclude>
    <ClInclude Include="Core\TypedValue.h">
      <Filter>Core\Classes</Filter>
    </ClInclude>
    <ClInclude Include="Fox.h">
      <Filter>Fox</Filter>
    </ClInclude>
    <ClInclude Include="Graphics\ShaderConfig.h">
      <Filter>Graphics\Classes</Filter>
    </ClInclude>
    <ClInclude Include="Platform\Win32\IApplication.h">
      <Filter>Platform\Win32\Classes</Filter>
    </ClInclude>
    <ClInclude Include="Core\Core.h">
      <Filter>Core\Public</Filter>
    </ClInclude>
    <ClInclude Include="Core\CoreMinimal.h">
      <Filter>Core\Public</Filter>
    </ClInclude>
    <ClInclude Include="Core\CoreDefinitions.h">
      <Filter>Core\Public</Filter>
    </ClInclude>
    <ClInclude Include="Engine\FoxEngine.h">
      <Filter>Engine\Classes</Filter>
    </ClInclude>
    <ClInclude Include="Engine\Simulation.h">
      <Filter>Engine\Classes</Filter>
    </ClInclude>
    <ClInclude Include="Common\CmdLineArgs.h">
      <Filter>Common\Public</Filter>
    </ClInclude>
    <ClInclude Include="Engine\SplashScreen.h">
      <Filter>Engine\Public</Filter>
    </ClInclude>
    <ClInclude Include="Platform\Win32\Window.h">
      <Filter>Platform\Win32\Classes</Filter>
    </ClInclude>
    <ClInclude Include="Platform\Win32\SubObject.h">
      <Filter>Platform\Win32\Classes</Filter>
    </ClInclude>
    <ClInclude Include="Platform\Win32\WinEntry.h">
      <Filter>Platform\Win32\Public</Filter>
    </ClInclude>
    <ClInclude Include="Platform\Win32\Win32Utils.h">
      <Filter>Platform\Win32\Public</Filter>
    </ClInclude>
    <ClInclude Include="Platform\Win32\WindowCaption.h">
      <Filter>Platform\Win32\Classes</Filter>
    </ClInclude>
    <ClInclude Include="Graphics\DirectX\Direct3D.h">
      <Filter>Graphics\DirectX\Public</Filter>
    </ClInclude>
    <ClInclude Include="Graphics\DirectX\DirectXHelper.h">
      <Filter>Graphics\DirectX\Classes</Filter>
    </ClInclude>
    <ClInclude Include="Graphics\DirectX\d3dx12.h">
      <Filter>Graphics\DirectX\Classes</Filter>
    </ClInclude>
    <ClInclude Include="Graphics\DirectX\DirectXRaytracingHelper.h">
      <Filter>Graphics\DirectX\Classes</Filter>
    </ClInclude>
    <ClInclude Include="Graphics\DirectX\DirectX12Renderer.h">
      <Filter>Graphics\DirectX\Public</Filter>
    </ClInclude>
    <ClInclude Include="Graphics\IRenderer.h">
      <Filter>Graphics\Public</Filter>
    </ClInclude>
    <ClInclude Include="Platform\WindowHandle.h">
      <Filter>Platform\Public</Filter>
    </ClInclude>
    <ClInclude Include="Graphics\RendererConfig.h">
      <Filter>Graphics\DirectX\Public</Filter>
    </ClInclude>
    <ClInclude Include="Graphics\DirectX\DirectXRaytracing.h">
      <Filter>Graphics\DirectX\Public</Filter>
    </ClInclude>
    <ClInclude Include="Graphics\DirectX\HlslCompatibilityDefinitions.h">
      <Filter>Graphics\DirectX\Classes</Filter>
    </ClInclude>
    <ClInclude Include="Graphics\DirectX\RaytracingHlslCompatibilityDefinitions.h">
      <Filter>Graphics\DirectX\Classes</Filter>
    </ClInclude>
  </ItemGroup>
  <ItemGroup>
    <ClCompile Include="Common\Logger.cpp">
      <Filter>Common\Private</Filter>
    </ClCompile>
    <ClCompile Include="Common\Time.cpp">
      <Filter>Common\Private</Filter>
    </ClCompile>
    <ClCompile Include="Core\GameSettings.cpp">
      <Filter>Core\Private</Filter>
    </ClCompile>
    <ClCompile Include="Core\JSONFile.cpp">
      <Filter>Core\Private</Filter>
    </ClCompile>
    <ClCompile Include="Core\JSONObject.cpp">
      <Filter>Core\Private</Filter>
    </ClCompile>
    <ClCompile Include="Core\JSONValue.cpp">
      <Filter>Core\Private</Filter>
    </ClCompile>
    <ClCompile Include="Core\JSONValueArray.cpp">
      <Filter>Core\Private</Filter>
    </ClCompile>
    <ClCompile Include="Core\ResourceSystem.cpp">
      <Filter>Core\Private</Filter>
    </ClCompile>
    <ClCompile Include="Core\TypedValue.cpp">
      <Filter>Core\Private</Filter>
    </ClCompile>
    <ClCompile Include="Fox.cpp">
      <Filter>Fox</Filter>
    </ClCompile>
    <ClCompile Include="Graphics\ShaderConfig.cpp">
      <Filter>Graphics\Private</Filter>
    </ClCompile>
    <ClCompile Include="Platform\Win32\IApplication.cpp">
      <Filter>Platform\Win32\Private</Filter>
    </ClCompile>
    <ClCompile Include="Core\Core.cpp">
      <Filter>Core\Private</Filter>
    </ClCompile>
    <ClCompile Include="Core\CoreMinimal.cpp">
      <Filter>Core\Private</Filter>
    </ClCompile>
    <ClCompile Include="Core\CoreDefinitions.cpp">
      <Filter>Core\Private</Filter>
    </ClCompile>
    <ClCompile Include="Engine\FoxEngine.cpp">
      <Filter>Engine\Private</Filter>
    </ClCompile>
    <ClCompile Include="Engine\Simulation.cpp">
      <Filter>Engine\Private</Filter>
    </ClCompile>
    <ClCompile Include="Common\CmdLineArgs.cpp">
      <Filter>Common\Private</Filter>
    </ClCompile>
    <ClCompile Include="Engine\SplashScreen.cpp">
      <Filter>Engine\Private</Filter>
    </ClCompile>
    <ClCompile Include="Platform\Win32\Win32Utils.cpp">
      <Filter>Platform\Win32\Private</Filter>
    </ClCompile>
    <ClCompile Include="Platform\Win32\Window.cpp">
      <Filter>Platform\Win32\Private</Filter>
    </ClCompile>
    <ClCompile Include="Platform\Win32\SubObject.cpp">
      <Filter>Platform\Win32\Private</Filter>
    </ClCompile>
    <ClCompile Include="Platform\Win32\WindowCaption.cpp">
      <Filter>Platform\Win32\Private</Filter>
    </ClCompile>
    <ClCompile Include="Graphics\DirectX\Direct3D.cpp">
      <Filter>Graphics\DirectX\Private</Filter>
    </ClCompile>
    <ClCompile Include="Graphics\DirectX\DirectXHelper.cpp">
      <Filter>Graphics\DirectX\Private</Filter>
    </ClCompile>
    <ClCompile Include="Graphics\DirectX\d3dx12.cpp">
      <Filter>Graphics\DirectX\Private</Filter>
    </ClCompile>
    <ClCompile Include="Graphics\DirectX\DirectXRaytracingHelper.cpp">
      <Filter>Graphics\DirectX\Private</Filter>
    </ClCompile>
    <ClCompile Include="Graphics\DirectX\DirectX12Renderer.cpp">
      <Filter>Graphics\DirectX\Private</Filter>
    </ClCompile>
    <ClCompile Include="Graphics\IRenderer.cpp">
      <Filter>Graphics\Private</Filter>
    </ClCompile>
    <ClCompile Include="Graphics\RendererConfig.cpp">
      <Filter>Graphics\DirectX\Private</Filter>
    </ClCompile>
    <ClCompile Include="Graphics\DirectX\DirectXRaytracing.cpp">
      <Filter>Graphics\DirectX\Private</Filter>
    </ClCompile>
  </ItemGroup>
</Project>